// !$*UTF8*$!
{
	archiveVersion = 1;
	classes = {
	};
	objectVersion = 50;
	objects = {

/* Begin PBXBuildFile section */
		FA03318F20A3638B009AEB73 /* ProductService.swift in Sources */ = {isa = PBXBuildFile; fileRef = FA03318E20A3638B009AEB73 /* ProductService.swift */; };
		FA03319320A36769009AEB73 /* ProductCVCell.swift in Sources */ = {isa = PBXBuildFile; fileRef = FA03319220A36769009AEB73 /* ProductCVCell.swift */; };
		FA03319720A36E94009AEB73 /* search.pdf in Resources */ = {isa = PBXBuildFile; fileRef = FA03319520A36E93009AEB73 /* search.pdf */; };
		FA03319820A36E94009AEB73 /* home.pdf in Resources */ = {isa = PBXBuildFile; fileRef = FA03319620A36E93009AEB73 /* home.pdf */; };
		FA03319C20A38508009AEB73 /* ProductsTVC.swift in Sources */ = {isa = PBXBuildFile; fileRef = FA03319B20A38508009AEB73 /* ProductsTVC.swift */; };
		FA03319E20A38520009AEB73 /* ProductsTVCell.swift in Sources */ = {isa = PBXBuildFile; fileRef = FA03319D20A38520009AEB73 /* ProductsTVCell.swift */; };
		FA0331A020A386CD009AEB73 /* Double+Extension.swift in Sources */ = {isa = PBXBuildFile; fileRef = FA03319F20A386CD009AEB73 /* Double+Extension.swift */; };
		FA0331A220A38D27009AEB73 /* UIColor+Extension.swift in Sources */ = {isa = PBXBuildFile; fileRef = FA0331A120A38D27009AEB73 /* UIColor+Extension.swift */; };
		FA1216A320A60523000AB173 /* blackstar.pdf in Resources */ = {isa = PBXBuildFile; fileRef = FA1216A120A60522000AB173 /* blackstar.pdf */; };
		FA1216A420A60523000AB173 /* yellowstar.pdf in Resources */ = {isa = PBXBuildFile; fileRef = FA1216A220A60523000AB173 /* yellowstar.pdf */; };
		FA1216A620A60585000AB173 /* UserRating.swift in Sources */ = {isa = PBXBuildFile; fileRef = FA1216A520A60585000AB173 /* UserRating.swift */; };
		FA1216A820A61E59000AB173 /* MyButton.swift in Sources */ = {isa = PBXBuildFile; fileRef = FA1216A720A61E59000AB173 /* MyButton.swift */; };
		FA1216AA20A62472000AB173 /* ProductDetailVC.swift in Sources */ = {isa = PBXBuildFile; fileRef = FA1216A920A62472000AB173 /* ProductDetailVC.swift */; };
		FA1216AC20A624B1000AB173 /* DetailSummaryView.swift in Sources */ = {isa = PBXBuildFile; fileRef = FA1216AB20A624B1000AB173 /* DetailSummaryView.swift */; };
		FA1216AE20A64D94000AB173 /* UIImage+Extension.swift in Sources */ = {isa = PBXBuildFile; fileRef = FA1216AD20A64D94000AB173 /* UIImage+Extension.swift */; };
		FA27968320A9B777005CF59B /* ProductInfoTVCell.swift in Sources */ = {isa = PBXBuildFile; fileRef = FA27968220A9B777005CF59B /* ProductInfoTVCell.swift */; };
		FA27968520A9CB71005CF59B /* QuantityTVC.swift in Sources */ = {isa = PBXBuildFile; fileRef = FA27968420A9CB71005CF59B /* QuantityTVC.swift */; };
		FA27968720AA0046005CF59B /* ShoppingCart.swift in Sources */ = {isa = PBXBuildFile; fileRef = FA27968620AA0046005CF59B /* ShoppingCart.swift */; };
		FA27968920AA072F005CF59B /* shopping-cart.pdf in Resources */ = {isa = PBXBuildFile; fileRef = FA27968820AA072F005CF59B /* shopping-cart.pdf */; };
		FA27968C20AC9EB6005CF59B /* CartTVC.swift in Sources */ = {isa = PBXBuildFile; fileRef = FA27968B20AC9EB6005CF59B /* CartTVC.swift */; };
		FA27969020ACA2B3005CF59B /* ItemInCartTVCell.swift in Sources */ = {isa = PBXBuildFile; fileRef = FA27968E20ACA2B3005CF59B /* ItemInCartTVCell.swift */; };
		FA27969120ACA2B3005CF59B /* ItemInCartTVCell.xib in Resources */ = {isa = PBXBuildFile; fileRef = FA27968F20ACA2B3005CF59B /* ItemInCartTVCell.xib */; };
		FA887C6F20A24F350071220F /* AppDelegate.swift in Sources */ = {isa = PBXBuildFile; fileRef = FA887C6E20A24F350071220F /* AppDelegate.swift */; };
		FA887C7420A24F350071220F /* Main.storyboard in Resources */ = {isa = PBXBuildFile; fileRef = FA887C7220A24F350071220F /* Main.storyboard */; };
		FA887C7620A24F360071220F /* Assets.xcassets in Resources */ = {isa = PBXBuildFile; fileRef = FA887C7520A24F360071220F /* Assets.xcassets */; };
		FA887C7920A24F360071220F /* LaunchScreen.storyboard in Resources */ = {isa = PBXBuildFile; fileRef = FA887C7720A24F360071220F /* LaunchScreen.storyboard */; };
		FA887C8820A26B4C0071220F /* PromoContentVC.swift in Sources */ = {isa = PBXBuildFile; fileRef = FA887C8720A26B4C0071220F /* PromoContentVC.swift */; };
		FA887C8A20A26B690071220F /* HomeVC.swift in Sources */ = {isa = PBXBuildFile; fileRef = FA887C8920A26B690071220F /* HomeVC.swift */; };
		FA887C8F20A270890071220F /* piratebattle.pdf in Resources */ = {isa = PBXBuildFile; fileRef = FA887C8C20A270880071220F /* piratebattle.pdf */; };
		FA887C9020A270890071220F /* piratemap.pdf in Resources */ = {isa = PBXBuildFile; fileRef = FA887C8D20A270890071220F /* piratemap.pdf */; };
		FA887C9120A270890071220F /* piratesofcaribbean.pdf in Resources */ = {isa = PBXBuildFile; fileRef = FA887C8E20A270890071220F /* piratesofcaribbean.pdf */; };
		FA887C9320A3178E0071220F /* products.json in Resources */ = {isa = PBXBuildFile; fileRef = FA887C9220A3178E0071220F /* products.json */; };
		FA887C9520A317B20071220F /* CoreDataStack.swift in Sources */ = {isa = PBXBuildFile; fileRef = FA887C9420A317B20071220F /* CoreDataStack.swift */; };
		FA887C9920A318FC0071220F /* PirateBay.xcdatamodeld in Sources */ = {isa = PBXBuildFile; fileRef = FA887C9720A318FC0071220F /* PirateBay.xcdatamodeld */; };
		FA887CD820A32F6B0071220F /* piratefairy1.jpg in Resources */ = {isa = PBXBuildFile; fileRef = FA887C9C20A32F6A0071220F /* piratefairy1.jpg */; };
		FA887CD920A32F6B0071220F /* piratefairy2.jpg in Resources */ = {isa = PBXBuildFile; fileRef = FA887C9D20A32F6A0071220F /* piratefairy2.jpg */; };
		FA887CDA20A32F6B0071220F /* pirates6.jpg in Resources */ = {isa = PBXBuildFile; fileRef = FA887C9F20A32F6A0071220F /* pirates6.jpg */; };
		FA887CDB20A32F6B0071220F /* pirates4.jpg in Resources */ = {isa = PBXBuildFile; fileRef = FA887CA020A32F6A0071220F /* pirates4.jpg */; };
		FA887CDC20A32F6B0071220F /* pirates5.jpg in Resources */ = {isa = PBXBuildFile; fileRef = FA887CA120A32F6A0071220F /* pirates5.jpg */; };
		FA887CDD20A32F6B0071220F /* pirates1.jpg in Resources */ = {isa = PBXBuildFile; fileRef = FA887CA220A32F6A0071220F /* pirates1.jpg */; };
		FA887CDE20A32F6B0071220F /* pirates2.jpg in Resources */ = {isa = PBXBuildFile; fileRef = FA887CA320A32F6A0071220F /* pirates2.jpg */; };
		FA887CDF20A32F6B0071220F /* pirates3.jpg in Resources */ = {isa = PBXBuildFile; fileRef = FA887CA420A32F6A0071220F /* pirates3.jpg */; };
		FA887CE020A32F6B0071220F /* piratesilicon1.jpg in Resources */ = {isa = PBXBuildFile; fileRef = FA887CA620A32F6A0071220F /* piratesilicon1.jpg */; };
		FA887CE120A32F6B0071220F /* piratescurse1.jpg in Resources */ = {isa = PBXBuildFile; fileRef = FA887CA820A32F6A0071220F /* piratescurse1.jpg */; };
		FA887CE220A32F6B0071220F /* scooby1.jpg in Resources */ = {isa = PBXBuildFile; fileRef = FA887CAA20A32F6A0071220F /* scooby1.jpg */; };
		FA887CE320A32F6B0071220F /* piratechest1.jpg in Resources */ = {isa = PBXBuildFile; fileRef = FA887CAC20A32F6A0071220F /* piratechest1.jpg */; };
		FA887CE420A32F6B0071220F /* captainjake1.jpg in Resources */ = {isa = PBXBuildFile; fileRef = FA887CAE20A32F6A0071220F /* captainjake1.jpg */; };
		FA887CE520A32F6B0071220F /* piratetides1.jpg in Resources */ = {isa = PBXBuildFile; fileRef = FA887CB020A32F6A0071220F /* piratetides1.jpg */; };
		FA887CE620A32F6B0071220F /* piratetides3.jpg in Resources */ = {isa = PBXBuildFile; fileRef = FA887CB120A32F6A0071220F /* piratetides3.jpg */; };
		FA887CE720A32F6B0071220F /* piratetides2.jpg in Resources */ = {isa = PBXBuildFile; fileRef = FA887CB220A32F6A0071220F /* piratetides2.jpg */; };
		FA887CE820A32F6B0071220F /* piratetides6.jpg in Resources */ = {isa = PBXBuildFile; fileRef = FA887CB320A32F6A0071220F /* piratetides6.jpg */; };
		FA887CE920A32F6B0071220F /* piratetides5.jpg in Resources */ = {isa = PBXBuildFile; fileRef = FA887CB420A32F6A0071220F /* piratetides5.jpg */; };
		FA887CEA20A32F6B0071220F /* piratetides4.jpg in Resources */ = {isa = PBXBuildFile; fileRef = FA887CB520A32F6A0071220F /* piratetides4.jpg */; };
		FA887CEB20A32F6B0071220F /* sharkbiteship4.jpg in Resources */ = {isa = PBXBuildFile; fileRef = FA887CB820A32F6B0071220F /* sharkbiteship4.jpg */; };
		FA887CEC20A32F6B0071220F /* sharkbiteship5.jpg in Resources */ = {isa = PBXBuildFile; fileRef = FA887CB920A32F6B0071220F /* sharkbiteship5.jpg */; };
		FA887CED20A32F6B0071220F /* sharkbiteship2.jpg in Resources */ = {isa = PBXBuildFile; fileRef = FA887CBA20A32F6B0071220F /* sharkbiteship2.jpg */; };
		FA887CEE20A32F6B0071220F /* sharkbiteship3.jpg in Resources */ = {isa = PBXBuildFile; fileRef = FA887CBB20A32F6B0071220F /* sharkbiteship3.jpg */; };
		FA887CEF20A32F6B0071220F /* sharkbiteship1.jpg in Resources */ = {isa = PBXBuildFile; fileRef = FA887CBC20A32F6B0071220F /* sharkbiteship1.jpg */; };
		FA887CF020A32F6B0071220F /* jakeneverland1.jpg in Resources */ = {isa = PBXBuildFile; fileRef = FA887CBE20A32F6B0071220F /* jakeneverland1.jpg */; };
		FA887CF120A32F6B0071220F /* jakeneverland2.jpg in Resources */ = {isa = PBXBuildFile; fileRef = FA887CBF20A32F6B0071220F /* jakeneverland2.jpg */; };
		FA887CF220A32F6B0071220F /* jakeneverland3.jpg in Resources */ = {isa = PBXBuildFile; fileRef = FA887CC020A32F6B0071220F /* jakeneverland3.jpg */; };
		FA887CF320A32F6B0071220F /* jakeneverland4.jpg in Resources */ = {isa = PBXBuildFile; fileRef = FA887CC120A32F6B0071220F /* jakeneverland4.jpg */; };
		FA887CF420A32F6B0071220F /* jakeneverland5.jpg in Resources */ = {isa = PBXBuildFile; fileRef = FA887CC220A32F6B0071220F /* jakeneverland5.jpg */; };
		FA887CF520A32F6B0071220F /* popupPirate6.jpg in Resources */ = {isa = PBXBuildFile; fileRef = FA887CC420A32F6B0071220F /* popupPirate6.jpg */; };
		FA887CF620A32F6B0071220F /* popupPirate5.jpg in Resources */ = {isa = PBXBuildFile; fileRef = FA887CC520A32F6B0071220F /* popupPirate5.jpg */; };
		FA887CF720A32F6B0071220F /* popupPirate4.jpg in Resources */ = {isa = PBXBuildFile; fileRef = FA887CC620A32F6B0071220F /* popupPirate4.jpg */; };
		FA887CF820A32F6B0071220F /* popupPirate1.jpg in Resources */ = {isa = PBXBuildFile; fileRef = FA887CC720A32F6B0071220F /* popupPirate1.jpg */; };
		FA887CF920A32F6B0071220F /* popupPirate3.jpg in Resources */ = {isa = PBXBuildFile; fileRef = FA887CC820A32F6B0071220F /* popupPirate3.jpg */; };
		FA887CFA20A32F6B0071220F /* popupPirate2.jpg in Resources */ = {isa = PBXBuildFile; fileRef = FA887CC920A32F6B0071220F /* popupPirate2.jpg */; };
		FA887CFB20A32F6B0071220F /* deluxeship1.jpg in Resources */ = {isa = PBXBuildFile; fileRef = FA887CCB20A32F6B0071220F /* deluxeship1.jpg */; };
		FA887CFC20A32F6B0071220F /* littletikes1.jpg in Resources */ = {isa = PBXBuildFile; fileRef = FA887CCD20A32F6B0071220F /* littletikes1.jpg */; };
		FA887CFD20A32F6B0071220F /* littletikes2.jpg in Resources */ = {isa = PBXBuildFile; fileRef = FA887CCE20A32F6B0071220F /* littletikes2.jpg */; };
		FA887CFE20A32F6B0071220F /* littletikes3.jpg in Resources */ = {isa = PBXBuildFile; fileRef = FA887CCF20A32F6B0071220F /* littletikes3.jpg */; };
		FA887CFF20A32F6B0071220F /* littletikes4.jpg in Resources */ = {isa = PBXBuildFile; fileRef = FA887CD020A32F6B0071220F /* littletikes4.jpg */; };
		FA887D0020A32F6B0071220F /* littletikes5.jpg in Resources */ = {isa = PBXBuildFile; fileRef = FA887CD120A32F6B0071220F /* littletikes5.jpg */; };
		FA887D0120A32F6B0071220F /* toydrive.png in Resources */ = {isa = PBXBuildFile; fileRef = FA887CD220A32F6B0071220F /* toydrive.png */; };
		FA887D0220A32F6B0071220F /* buccaneerboat1.jpg in Resources */ = {isa = PBXBuildFile; fileRef = FA887CD420A32F6B0071220F /* buccaneerboat1.jpg */; };
		FA887D0320A32F6B0071220F /* buccaneerboat2.jpg in Resources */ = {isa = PBXBuildFile; fileRef = FA887CD520A32F6B0071220F /* buccaneerboat2.jpg */; };
		FA887D0420A32F6B0071220F /* buccaneerboat3.jpg in Resources */ = {isa = PBXBuildFile; fileRef = FA887CD620A32F6B0071220F /* buccaneerboat3.jpg */; };
		FA887D0520A32F6B0071220F /* buccaneerboat4.jpg in Resources */ = {isa = PBXBuildFile; fileRef = FA887CD720A32F6B0071220F /* buccaneerboat4.jpg */; };
		FA887D0820A32F9B0071220F /* Utility.swift in Sources */ = {isa = PBXBuildFile; fileRef = FA887D0720A32F9B0071220F /* Utility.swift */; };
		FA887D0B20A3306E0071220F /* String+Extension.swift in Sources */ = {isa = PBXBuildFile; fileRef = FA887D0A20A3306E0071220F /* String+Extension.swift */; };
/* End PBXBuildFile section */

/* Begin PBXFileReference section */
		FA03318E20A3638B009AEB73 /* ProductService.swift */ = {isa = PBXFileReference; lastKnownFileType = sourcecode.swift; path = ProductService.swift; sourceTree = "<group>"; };
		FA03319220A36769009AEB73 /* ProductCVCell.swift */ = {isa = PBXFileReference; lastKnownFileType = sourcecode.swift; path = ProductCVCell.swift; sourceTree = "<group>"; };
		FA03319520A36E93009AEB73 /* search.pdf */ = {isa = PBXFileReference; lastKnownFileType = image.pdf; path = search.pdf; sourceTree = "<group>"; };
		FA03319620A36E93009AEB73 /* home.pdf */ = {isa = PBXFileReference; lastKnownFileType = image.pdf; path = home.pdf; sourceTree = "<group>"; };
		FA03319B20A38508009AEB73 /* ProductsTVC.swift */ = {isa = PBXFileReference; lastKnownFileType = sourcecode.swift; path = ProductsTVC.swift; sourceTree = "<group>"; };
		FA03319D20A38520009AEB73 /* ProductsTVCell.swift */ = {isa = PBXFileReference; lastKnownFileType = sourcecode.swift; path = ProductsTVCell.swift; sourceTree = "<group>"; };
		FA03319F20A386CD009AEB73 /* Double+Extension.swift */ = {isa = PBXFileReference; lastKnownFileType = sourcecode.swift; path = "Double+Extension.swift"; sourceTree = "<group>"; };
		FA0331A120A38D27009AEB73 /* UIColor+Extension.swift */ = {isa = PBXFileReference; lastKnownFileType = sourcecode.swift; path = "UIColor+Extension.swift"; sourceTree = "<group>"; };
		FA1216A120A60522000AB173 /* blackstar.pdf */ = {isa = PBXFileReference; lastKnownFileType = image.pdf; path = blackstar.pdf; sourceTree = "<group>"; };
		FA1216A220A60523000AB173 /* yellowstar.pdf */ = {isa = PBXFileReference; lastKnownFileType = image.pdf; path = yellowstar.pdf; sourceTree = "<group>"; };
		FA1216A520A60585000AB173 /* UserRating.swift */ = {isa = PBXFileReference; lastKnownFileType = sourcecode.swift; path = UserRating.swift; sourceTree = "<group>"; };
		FA1216A720A61E59000AB173 /* MyButton.swift */ = {isa = PBXFileReference; lastKnownFileType = sourcecode.swift; path = MyButton.swift; sourceTree = "<group>"; };
		FA1216A920A62472000AB173 /* ProductDetailVC.swift */ = {isa = PBXFileReference; lastKnownFileType = sourcecode.swift; path = ProductDetailVC.swift; sourceTree = "<group>"; };
		FA1216AB20A624B1000AB173 /* DetailSummaryView.swift */ = {isa = PBXFileReference; lastKnownFileType = sourcecode.swift; path = DetailSummaryView.swift; sourceTree = "<group>"; };
		FA1216AD20A64D94000AB173 /* UIImage+Extension.swift */ = {isa = PBXFileReference; lastKnownFileType = sourcecode.swift; path = "UIImage+Extension.swift"; sourceTree = "<group>"; };
		FA27968220A9B777005CF59B /* ProductInfoTVCell.swift */ = {isa = PBXFileReference; lastKnownFileType = sourcecode.swift; path = ProductInfoTVCell.swift; sourceTree = "<group>"; };
		FA27968420A9CB71005CF59B /* QuantityTVC.swift */ = {isa = PBXFileReference; lastKnownFileType = sourcecode.swift; path = QuantityTVC.swift; sourceTree = "<group>"; };
		FA27968620AA0046005CF59B /* ShoppingCart.swift */ = {isa = PBXFileReference; lastKnownFileType = sourcecode.swift; path = ShoppingCart.swift; sourceTree = "<group>"; };
		FA27968820AA072F005CF59B /* shopping-cart.pdf */ = {isa = PBXFileReference; lastKnownFileType = image.pdf; path = "shopping-cart.pdf"; sourceTree = "<group>"; };
		FA27968B20AC9EB6005CF59B /* CartTVC.swift */ = {isa = PBXFileReference; lastKnownFileType = sourcecode.swift; path = CartTVC.swift; sourceTree = "<group>"; };
		FA27968E20ACA2B3005CF59B /* ItemInCartTVCell.swift */ = {isa = PBXFileReference; lastKnownFileType = sourcecode.swift; path = ItemInCartTVCell.swift; sourceTree = "<group>"; };
		FA27968F20ACA2B3005CF59B /* ItemInCartTVCell.xib */ = {isa = PBXFileReference; lastKnownFileType = file.xib; path = ItemInCartTVCell.xib; sourceTree = "<group>"; };
		FA887C6B20A24F350071220F /* Pirate Bay.app */ = {isa = PBXFileReference; explicitFileType = wrapper.application; includeInIndex = 0; path = "Pirate Bay.app"; sourceTree = BUILT_PRODUCTS_DIR; };
		FA887C6E20A24F350071220F /* AppDelegate.swift */ = {isa = PBXFileReference; lastKnownFileType = sourcecode.swift; path = AppDelegate.swift; sourceTree = "<group>"; };
		FA887C7320A24F350071220F /* Base */ = {isa = PBXFileReference; lastKnownFileType = file.storyboard; name = Base; path = Base.lproj/Main.storyboard; sourceTree = "<group>"; };
		FA887C7520A24F360071220F /* Assets.xcassets */ = {isa = PBXFileReference; lastKnownFileType = folder.assetcatalog; path = Assets.xcassets; sourceTree = "<group>"; };
		FA887C7820A24F360071220F /* Base */ = {isa = PBXFileReference; lastKnownFileType = file.storyboard; name = Base; path = Base.lproj/LaunchScreen.storyboard; sourceTree = "<group>"; };
		FA887C7A20A24F360071220F /* Info.plist */ = {isa = PBXFileReference; lastKnownFileType = text.plist.xml; path = Info.plist; sourceTree = "<group>"; };
		FA887C8720A26B4C0071220F /* PromoContentVC.swift */ = {isa = PBXFileReference; lastKnownFileType = sourcecode.swift; path = PromoContentVC.swift; sourceTree = "<group>"; };
		FA887C8920A26B690071220F /* HomeVC.swift */ = {isa = PBXFileReference; lastKnownFileType = sourcecode.swift; path = HomeVC.swift; sourceTree = "<group>"; };
		FA887C8C20A270880071220F /* piratebattle.pdf */ = {isa = PBXFileReference; lastKnownFileType = image.pdf; path = piratebattle.pdf; sourceTree = "<group>"; };
		FA887C8D20A270890071220F /* piratemap.pdf */ = {isa = PBXFileReference; lastKnownFileType = image.pdf; path = piratemap.pdf; sourceTree = "<group>"; };
		FA887C8E20A270890071220F /* piratesofcaribbean.pdf */ = {isa = PBXFileReference; lastKnownFileType = image.pdf; path = piratesofcaribbean.pdf; sourceTree = "<group>"; };
		FA887C9220A3178E0071220F /* products.json */ = {isa = PBXFileReference; fileEncoding = 4; lastKnownFileType = text.json; path = products.json; sourceTree = "<group>"; };
		FA887C9420A317B20071220F /* CoreDataStack.swift */ = {isa = PBXFileReference; fileEncoding = 4; lastKnownFileType = sourcecode.swift; path = CoreDataStack.swift; sourceTree = "<group>"; };
		FA887C9820A318FC0071220F /* PirateBay.xcdatamodel */ = {isa = PBXFileReference; lastKnownFileType = wrapper.xcdatamodel; path = PirateBay.xcdatamodel; sourceTree = "<group>"; };
		FA887C9C20A32F6A0071220F /* piratefairy1.jpg */ = {isa = PBXFileReference; lastKnownFileType = image.jpeg; path = piratefairy1.jpg; sourceTree = "<group>"; };
		FA887C9D20A32F6A0071220F /* piratefairy2.jpg */ = {isa = PBXFileReference; lastKnownFileType = image.jpeg; path = piratefairy2.jpg; sourceTree = "<group>"; };
		FA887C9F20A32F6A0071220F /* pirates6.jpg */ = {isa = PBXFileReference; lastKnownFileType = image.jpeg; path = pirates6.jpg; sourceTree = "<group>"; };
		FA887CA020A32F6A0071220F /* pirates4.jpg */ = {isa = PBXFileReference; lastKnownFileType = image.jpeg; path = pirates4.jpg; sourceTree = "<group>"; };
		FA887CA120A32F6A0071220F /* pirates5.jpg */ = {isa = PBXFileReference; lastKnownFileType = image.jpeg; path = pirates5.jpg; sourceTree = "<group>"; };
		FA887CA220A32F6A0071220F /* pirates1.jpg */ = {isa = PBXFileReference; lastKnownFileType = image.jpeg; path = pirates1.jpg; sourceTree = "<group>"; };
		FA887CA320A32F6A0071220F /* pirates2.jpg */ = {isa = PBXFileReference; lastKnownFileType = image.jpeg; path = pirates2.jpg; sourceTree = "<group>"; };
		FA887CA420A32F6A0071220F /* pirates3.jpg */ = {isa = PBXFileReference; lastKnownFileType = image.jpeg; path = pirates3.jpg; sourceTree = "<group>"; };
		FA887CA620A32F6A0071220F /* piratesilicon1.jpg */ = {isa = PBXFileReference; lastKnownFileType = image.jpeg; path = piratesilicon1.jpg; sourceTree = "<group>"; };
		FA887CA820A32F6A0071220F /* piratescurse1.jpg */ = {isa = PBXFileReference; lastKnownFileType = image.jpeg; path = piratescurse1.jpg; sourceTree = "<group>"; };
		FA887CAA20A32F6A0071220F /* scooby1.jpg */ = {isa = PBXFileReference; lastKnownFileType = image.jpeg; path = scooby1.jpg; sourceTree = "<group>"; };
		FA887CAC20A32F6A0071220F /* piratechest1.jpg */ = {isa = PBXFileReference; lastKnownFileType = image.jpeg; path = piratechest1.jpg; sourceTree = "<group>"; };
		FA887CAE20A32F6A0071220F /* captainjake1.jpg */ = {isa = PBXFileReference; lastKnownFileType = image.jpeg; path = captainjake1.jpg; sourceTree = "<group>"; };
		FA887CB020A32F6A0071220F /* piratetides1.jpg */ = {isa = PBXFileReference; lastKnownFileType = image.jpeg; path = piratetides1.jpg; sourceTree = "<group>"; };
		FA887CB120A32F6A0071220F /* piratetides3.jpg */ = {isa = PBXFileReference; lastKnownFileType = image.jpeg; path = piratetides3.jpg; sourceTree = "<group>"; };
		FA887CB220A32F6A0071220F /* piratetides2.jpg */ = {isa = PBXFileReference; lastKnownFileType = image.jpeg; path = piratetides2.jpg; sourceTree = "<group>"; };
		FA887CB320A32F6A0071220F /* piratetides6.jpg */ = {isa = PBXFileReference; lastKnownFileType = image.jpeg; path = piratetides6.jpg; sourceTree = "<group>"; };
		FA887CB420A32F6A0071220F /* piratetides5.jpg */ = {isa = PBXFileReference; lastKnownFileType = image.jpeg; path = piratetides5.jpg; sourceTree = "<group>"; };
		FA887CB520A32F6A0071220F /* piratetides4.jpg */ = {isa = PBXFileReference; lastKnownFileType = image.jpeg; path = piratetides4.jpg; sourceTree = "<group>"; };
		FA887CB820A32F6B0071220F /* sharkbiteship4.jpg */ = {isa = PBXFileReference; lastKnownFileType = image.jpeg; path = sharkbiteship4.jpg; sourceTree = "<group>"; };
		FA887CB920A32F6B0071220F /* sharkbiteship5.jpg */ = {isa = PBXFileReference; lastKnownFileType = image.jpeg; path = sharkbiteship5.jpg; sourceTree = "<group>"; };
		FA887CBA20A32F6B0071220F /* sharkbiteship2.jpg */ = {isa = PBXFileReference; lastKnownFileType = image.jpeg; path = sharkbiteship2.jpg; sourceTree = "<group>"; };
		FA887CBB20A32F6B0071220F /* sharkbiteship3.jpg */ = {isa = PBXFileReference; lastKnownFileType = image.jpeg; path = sharkbiteship3.jpg; sourceTree = "<group>"; };
		FA887CBC20A32F6B0071220F /* sharkbiteship1.jpg */ = {isa = PBXFileReference; lastKnownFileType = image.jpeg; path = sharkbiteship1.jpg; sourceTree = "<group>"; };
		FA887CBE20A32F6B0071220F /* jakeneverland1.jpg */ = {isa = PBXFileReference; lastKnownFileType = image.jpeg; path = jakeneverland1.jpg; sourceTree = "<group>"; };
		FA887CBF20A32F6B0071220F /* jakeneverland2.jpg */ = {isa = PBXFileReference; lastKnownFileType = image.jpeg; path = jakeneverland2.jpg; sourceTree = "<group>"; };
		FA887CC020A32F6B0071220F /* jakeneverland3.jpg */ = {isa = PBXFileReference; lastKnownFileType = image.jpeg; path = jakeneverland3.jpg; sourceTree = "<group>"; };
		FA887CC120A32F6B0071220F /* jakeneverland4.jpg */ = {isa = PBXFileReference; lastKnownFileType = image.jpeg; path = jakeneverland4.jpg; sourceTree = "<group>"; };
		FA887CC220A32F6B0071220F /* jakeneverland5.jpg */ = {isa = PBXFileReference; lastKnownFileType = image.jpeg; path = jakeneverland5.jpg; sourceTree = "<group>"; };
		FA887CC420A32F6B0071220F /* popupPirate6.jpg */ = {isa = PBXFileReference; lastKnownFileType = image.jpeg; path = popupPirate6.jpg; sourceTree = "<group>"; };
		FA887CC520A32F6B0071220F /* popupPirate5.jpg */ = {isa = PBXFileReference; lastKnownFileType = image.jpeg; path = popupPirate5.jpg; sourceTree = "<group>"; };
		FA887CC620A32F6B0071220F /* popupPirate4.jpg */ = {isa = PBXFileReference; lastKnownFileType = image.jpeg; path = popupPirate4.jpg; sourceTree = "<group>"; };
		FA887CC720A32F6B0071220F /* popupPirate1.jpg */ = {isa = PBXFileReference; lastKnownFileType = image.jpeg; path = popupPirate1.jpg; sourceTree = "<group>"; };
		FA887CC820A32F6B0071220F /* popupPirate3.jpg */ = {isa = PBXFileReference; lastKnownFileType = image.jpeg; path = popupPirate3.jpg; sourceTree = "<group>"; };
		FA887CC920A32F6B0071220F /* popupPirate2.jpg */ = {isa = PBXFileReference; lastKnownFileType = image.jpeg; path = popupPirate2.jpg; sourceTree = "<group>"; };
		FA887CCB20A32F6B0071220F /* deluxeship1.jpg */ = {isa = PBXFileReference; lastKnownFileType = image.jpeg; path = deluxeship1.jpg; sourceTree = "<group>"; };
		FA887CCD20A32F6B0071220F /* littletikes1.jpg */ = {isa = PBXFileReference; lastKnownFileType = image.jpeg; path = littletikes1.jpg; sourceTree = "<group>"; };
		FA887CCE20A32F6B0071220F /* littletikes2.jpg */ = {isa = PBXFileReference; lastKnownFileType = image.jpeg; path = littletikes2.jpg; sourceTree = "<group>"; };
		FA887CCF20A32F6B0071220F /* littletikes3.jpg */ = {isa = PBXFileReference; lastKnownFileType = image.jpeg; path = littletikes3.jpg; sourceTree = "<group>"; };
		FA887CD020A32F6B0071220F /* littletikes4.jpg */ = {isa = PBXFileReference; lastKnownFileType = image.jpeg; path = littletikes4.jpg; sourceTree = "<group>"; };
		FA887CD120A32F6B0071220F /* littletikes5.jpg */ = {isa = PBXFileReference; lastKnownFileType = image.jpeg; path = littletikes5.jpg; sourceTree = "<group>"; };
		FA887CD220A32F6B0071220F /* toydrive.png */ = {isa = PBXFileReference; lastKnownFileType = image.png; path = toydrive.png; sourceTree = "<group>"; };
		FA887CD420A32F6B0071220F /* buccaneerboat1.jpg */ = {isa = PBXFileReference; lastKnownFileType = image.jpeg; path = buccaneerboat1.jpg; sourceTree = "<group>"; };
		FA887CD520A32F6B0071220F /* buccaneerboat2.jpg */ = {isa = PBXFileReference; lastKnownFileType = image.jpeg; path = buccaneerboat2.jpg; sourceTree = "<group>"; };
		FA887CD620A32F6B0071220F /* buccaneerboat3.jpg */ = {isa = PBXFileReference; lastKnownFileType = image.jpeg; path = buccaneerboat3.jpg; sourceTree = "<group>"; };
		FA887CD720A32F6B0071220F /* buccaneerboat4.jpg */ = {isa = PBXFileReference; lastKnownFileType = image.jpeg; path = buccaneerboat4.jpg; sourceTree = "<group>"; };
		FA887D0720A32F9B0071220F /* Utility.swift */ = {isa = PBXFileReference; lastKnownFileType = sourcecode.swift; path = Utility.swift; sourceTree = "<group>"; };
		FA887D0A20A3306E0071220F /* String+Extension.swift */ = {isa = PBXFileReference; lastKnownFileType = sourcecode.swift; path = "String+Extension.swift"; sourceTree = "<group>"; };
/* End PBXFileReference section */

/* Begin PBXFrameworksBuildPhase section */
		FA887C6820A24F350071220F /* Frameworks */ = {
			isa = PBXFrameworksBuildPhase;
			buildActionMask = 2147483647;
			files = (
			);
			runOnlyForDeploymentPostprocessing = 0;
		};
/* End PBXFrameworksBuildPhase section */

/* Begin PBXGroup section */
		FA03318D20A3637C009AEB73 /* model */ = {
			isa = PBXGroup;
			children = (
				FA03318E20A3638B009AEB73 /* ProductService.swift */,
				FA27968620AA0046005CF59B /* ShoppingCart.swift */,
			);
			path = model;
			sourceTree = "<group>";
		};
		FA03319020A36734009AEB73 /* view */ = {
			isa = PBXGroup;
			children = (
				FA27968D20ACA275005CF59B /* cartCheckout */,
				FA03319A20A384E6009AEB73 /* search */,
				FA03319120A3673F009AEB73 /* home */,
			);
			path = view;
			sourceTree = "<group>";
		};
		FA03319120A3673F009AEB73 /* home */ = {
			isa = PBXGroup;
			children = (
				FA03319220A36769009AEB73 /* ProductCVCell.swift */,
			);
			path = home;
			sourceTree = "<group>";
		};
		FA03319420A367C6009AEB73 /* home */ = {
			isa = PBXGroup;
			children = (
				FA887C8720A26B4C0071220F /* PromoContentVC.swift */,
				FA887C8920A26B690071220F /* HomeVC.swift */,
			);
			path = home;
			sourceTree = "<group>";
		};
		FA03319920A384D8009AEB73 /* search */ = {
			isa = PBXGroup;
			children = (
				FA03319B20A38508009AEB73 /* ProductsTVC.swift */,
				FA1216A920A62472000AB173 /* ProductDetailVC.swift */,
				FA27968420A9CB71005CF59B /* QuantityTVC.swift */,
			);
			path = search;
			sourceTree = "<group>";
		};
		FA03319A20A384E6009AEB73 /* search */ = {
			isa = PBXGroup;
			children = (
				FA03319D20A38520009AEB73 /* ProductsTVCell.swift */,
				FA1216AB20A624B1000AB173 /* DetailSummaryView.swift */,
				FA27968220A9B777005CF59B /* ProductInfoTVCell.swift */,
			);
			path = search;
			sourceTree = "<group>";
		};
		FA27968A20AC9E94005CF59B /* cartCheckout */ = {
			isa = PBXGroup;
			children = (
				FA27968B20AC9EB6005CF59B /* CartTVC.swift */,
			);
			path = cartCheckout;
			sourceTree = "<group>";
		};
		FA27968D20ACA275005CF59B /* cartCheckout */ = {
			isa = PBXGroup;
			children = (
				FA27968E20ACA2B3005CF59B /* ItemInCartTVCell.swift */,
				FA27968F20ACA2B3005CF59B /* ItemInCartTVCell.xib */,
			);
			path = cartCheckout;
			sourceTree = "<group>";
		};
		FA887C6220A24F350071220F = {
			isa = PBXGroup;
			children = (
				FA887C6D20A24F350071220F /* Pirate Bay */,
				FA887C6C20A24F350071220F /* Products */,
			);
			sourceTree = "<group>";
		};
		FA887C6C20A24F350071220F /* Products */ = {
			isa = PBXGroup;
			children = (
				FA887C6B20A24F350071220F /* Pirate Bay.app */,
			);
			name = Products;
			sourceTree = "<group>";
		};
		FA887C6D20A24F350071220F /* Pirate Bay */ = {
			isa = PBXGroup;
			children = (
				FA03319020A36734009AEB73 /* view */,
				FA03318D20A3637C009AEB73 /* model */,
				FA887D0920A330560071220F /* extension */,
				FA887D0620A32F860071220F /* helper */,
				FA887C9620A318D40071220F /* dataModel */,
				FA887C8B20A2706E0071220F /* assets */,
				FA887C8620A26B2A0071220F /* Controller */,
				FA887C6E20A24F350071220F /* AppDelegate.swift */,
				FA887C7220A24F350071220F /* Main.storyboard */,
				FA887C7520A24F360071220F /* Assets.xcassets */,
				FA887C7720A24F360071220F /* LaunchScreen.storyboard */,
				FA887C7A20A24F360071220F /* Info.plist */,
			);
			path = "Pirate Bay";
			sourceTree = "<group>";
		};
		FA887C8620A26B2A0071220F /* Controller */ = {
			isa = PBXGroup;
			children = (
				FA27968A20AC9E94005CF59B /* cartCheckout */,
				FA03319920A384D8009AEB73 /* search */,
				FA03319420A367C6009AEB73 /* home */,
			);
			path = Controller;
			sourceTree = "<group>";
		};
		FA887C8B20A2706E0071220F /* assets */ = {
			isa = PBXGroup;
			children = (
				FA27968820AA072F005CF59B /* shopping-cart.pdf */,
				FA1216A120A60522000AB173 /* blackstar.pdf */,
				FA1216A220A60523000AB173 /* yellowstar.pdf */,
				FA03319620A36E93009AEB73 /* home.pdf */,
				FA03319520A36E93009AEB73 /* search.pdf */,
				FA887C9A20A32F6A0071220F /* dvd */,
				FA887CB620A32F6B0071220F /* toy */,
				FA887C8C20A270880071220F /* piratebattle.pdf */,
				FA887C8D20A270890071220F /* piratemap.pdf */,
				FA887C8E20A270890071220F /* piratesofcaribbean.pdf */,
			);
			path = assets;
			sourceTree = "<group>";
		};
		FA887C9620A318D40071220F /* dataModel */ = {
			isa = PBXGroup;
			children = (
				FA887C9420A317B20071220F /* CoreDataStack.swift */,
				FA887C9220A3178E0071220F /* products.json */,
				FA887C9720A318FC0071220F /* PirateBay.xcdatamodeld */,
			);
			path = dataModel;
			sourceTree = "<group>";
		};
		FA887C9A20A32F6A0071220F /* dvd */ = {
			isa = PBXGroup;
			children = (
				FA887C9B20A32F6A0071220F /* piratefairy */,
				FA887C9E20A32F6A0071220F /* pirates */,
				FA887CA520A32F6A0071220F /* piratesilicon */,
				FA887CA720A32F6A0071220F /* piratecurse */,
				FA887CA920A32F6A0071220F /* scooby */,
				FA887CAB20A32F6A0071220F /* piratechest */,
				FA887CAD20A32F6A0071220F /* captainjake */,
				FA887CAF20A32F6A0071220F /* piratetides */,
			);
			path = dvd;
			sourceTree = "<group>";
		};
		FA887C9B20A32F6A0071220F /* piratefairy */ = {
			isa = PBXGroup;
			children = (
				FA887C9C20A32F6A0071220F /* piratefairy1.jpg */,
				FA887C9D20A32F6A0071220F /* piratefairy2.jpg */,
			);
			path = piratefairy;
			sourceTree = "<group>";
		};
		FA887C9E20A32F6A0071220F /* pirates */ = {
			isa = PBXGroup;
			children = (
				FA887C9F20A32F6A0071220F /* pirates6.jpg */,
				FA887CA020A32F6A0071220F /* pirates4.jpg */,
				FA887CA120A32F6A0071220F /* pirates5.jpg */,
				FA887CA220A32F6A0071220F /* pirates1.jpg */,
				FA887CA320A32F6A0071220F /* pirates2.jpg */,
				FA887CA420A32F6A0071220F /* pirates3.jpg */,
			);
			path = pirates;
			sourceTree = "<group>";
		};
		FA887CA520A32F6A0071220F /* piratesilicon */ = {
			isa = PBXGroup;
			children = (
				FA887CA620A32F6A0071220F /* piratesilicon1.jpg */,
			);
			path = piratesilicon;
			sourceTree = "<group>";
		};
		FA887CA720A32F6A0071220F /* piratecurse */ = {
			isa = PBXGroup;
			children = (
				FA887CA820A32F6A0071220F /* piratescurse1.jpg */,
			);
			path = piratecurse;
			sourceTree = "<group>";
		};
		FA887CA920A32F6A0071220F /* scooby */ = {
			isa = PBXGroup;
			children = (
				FA887CAA20A32F6A0071220F /* scooby1.jpg */,
			);
			path = scooby;
			sourceTree = "<group>";
		};
		FA887CAB20A32F6A0071220F /* piratechest */ = {
			isa = PBXGroup;
			children = (
				FA887CAC20A32F6A0071220F /* piratechest1.jpg */,
			);
			path = piratechest;
			sourceTree = "<group>";
		};
		FA887CAD20A32F6A0071220F /* captainjake */ = {
			isa = PBXGroup;
			children = (
				FA887CAE20A32F6A0071220F /* captainjake1.jpg */,
			);
			path = captainjake;
			sourceTree = "<group>";
		};
		FA887CAF20A32F6A0071220F /* piratetides */ = {
			isa = PBXGroup;
			children = (
				FA887CB020A32F6A0071220F /* piratetides1.jpg */,
				FA887CB120A32F6A0071220F /* piratetides3.jpg */,
				FA887CB220A32F6A0071220F /* piratetides2.jpg */,
				FA887CB320A32F6A0071220F /* piratetides6.jpg */,
				FA887CB420A32F6A0071220F /* piratetides5.jpg */,
				FA887CB520A32F6A0071220F /* piratetides4.jpg */,
			);
			path = piratetides;
			sourceTree = "<group>";
		};
		FA887CB620A32F6B0071220F /* toy */ = {
			isa = PBXGroup;
			children = (
				FA887CB720A32F6B0071220F /* sharkbiteship */,
				FA887CBD20A32F6B0071220F /* jakeneverland */,
				FA887CC320A32F6B0071220F /* popupPirate */,
				FA887CCA20A32F6B0071220F /* deluxeship */,
				FA887CCC20A32F6B0071220F /* littletikes */,
				FA887CD220A32F6B0071220F /* toydrive.png */,
				FA887CD320A32F6B0071220F /* buccaneerBoat */,
			);
			path = toy;
			sourceTree = "<group>";
		};
		FA887CB720A32F6B0071220F /* sharkbiteship */ = {
			isa = PBXGroup;
			children = (
				FA887CB820A32F6B0071220F /* sharkbiteship4.jpg */,
				FA887CB920A32F6B0071220F /* sharkbiteship5.jpg */,
				FA887CBA20A32F6B0071220F /* sharkbiteship2.jpg */,
				FA887CBB20A32F6B0071220F /* sharkbiteship3.jpg */,
				FA887CBC20A32F6B0071220F /* sharkbiteship1.jpg */,
			);
			path = sharkbiteship;
			sourceTree = "<group>";
		};
		FA887CBD20A32F6B0071220F /* jakeneverland */ = {
			isa = PBXGroup;
			children = (
				FA887CBE20A32F6B0071220F /* jakeneverland1.jpg */,
				FA887CBF20A32F6B0071220F /* jakeneverland2.jpg */,
				FA887CC020A32F6B0071220F /* jakeneverland3.jpg */,
				FA887CC120A32F6B0071220F /* jakeneverland4.jpg */,
				FA887CC220A32F6B0071220F /* jakeneverland5.jpg */,
			);
			path = jakeneverland;
			sourceTree = "<group>";
		};
		FA887CC320A32F6B0071220F /* popupPirate */ = {
			isa = PBXGroup;
			children = (
				FA887CC420A32F6B0071220F /* popupPirate6.jpg */,
				FA887CC520A32F6B0071220F /* popupPirate5.jpg */,
				FA887CC620A32F6B0071220F /* popupPirate4.jpg */,
				FA887CC720A32F6B0071220F /* popupPirate1.jpg */,
				FA887CC820A32F6B0071220F /* popupPirate3.jpg */,
				FA887CC920A32F6B0071220F /* popupPirate2.jpg */,
			);
			path = popupPirate;
			sourceTree = "<group>";
		};
		FA887CCA20A32F6B0071220F /* deluxeship */ = {
			isa = PBXGroup;
			children = (
				FA887CCB20A32F6B0071220F /* deluxeship1.jpg */,
			);
			path = deluxeship;
			sourceTree = "<group>";
		};
		FA887CCC20A32F6B0071220F /* littletikes */ = {
			isa = PBXGroup;
			children = (
				FA887CCD20A32F6B0071220F /* littletikes1.jpg */,
				FA887CCE20A32F6B0071220F /* littletikes2.jpg */,
				FA887CCF20A32F6B0071220F /* littletikes3.jpg */,
				FA887CD020A32F6B0071220F /* littletikes4.jpg */,
				FA887CD120A32F6B0071220F /* littletikes5.jpg */,
			);
			path = littletikes;
			sourceTree = "<group>";
		};
		FA887CD320A32F6B0071220F /* buccaneerBoat */ = {
			isa = PBXGroup;
			children = (
				FA887CD420A32F6B0071220F /* buccaneerboat1.jpg */,
				FA887CD520A32F6B0071220F /* buccaneerboat2.jpg */,
				FA887CD620A32F6B0071220F /* buccaneerboat3.jpg */,
				FA887CD720A32F6B0071220F /* buccaneerboat4.jpg */,
			);
			path = buccaneerBoat;
			sourceTree = "<group>";
		};
		FA887D0620A32F860071220F /* helper */ = {
			isa = PBXGroup;
			children = (
				FA887D0720A32F9B0071220F /* Utility.swift */,
				FA1216A520A60585000AB173 /* UserRating.swift */,
				FA1216A720A61E59000AB173 /* MyButton.swift */,
			);
			path = helper;
			sourceTree = "<group>";
		};
		FA887D0920A330560071220F /* extension */ = {
			isa = PBXGroup;
			children = (
				FA887D0A20A3306E0071220F /* String+Extension.swift */,
				FA03319F20A386CD009AEB73 /* Double+Extension.swift */,
				FA0331A120A38D27009AEB73 /* UIColor+Extension.swift */,
				FA1216AD20A64D94000AB173 /* UIImage+Extension.swift */,
			);
			path = extension;
			sourceTree = "<group>";
		};
/* End PBXGroup section */

/* Begin PBXNativeTarget section */
		FA887C6A20A24F350071220F /* Pirate Bay */ = {
			isa = PBXNativeTarget;
			buildConfigurationList = FA887C7D20A24F360071220F /* Build configuration list for PBXNativeTarget "Pirate Bay" */;
			buildPhases = (
				FA887C6720A24F350071220F /* Sources */,
				FA887C6820A24F350071220F /* Frameworks */,
				FA887C6920A24F350071220F /* Resources */,
			);
			buildRules = (
			);
			dependencies = (
			);
			name = "Pirate Bay";
			productName = "Pirate Bay";
			productReference = FA887C6B20A24F350071220F /* Pirate Bay.app */;
			productType = "com.apple.product-type.application";
		};
/* End PBXNativeTarget section */

/* Begin PBXProject section */
		FA887C6320A24F350071220F /* Project object */ = {
			isa = PBXProject;
			attributes = {
				LastSwiftUpdateCheck = 0930;
				LastUpgradeCheck = 0930;
				ORGANIZATIONNAME = "Kesley Ribeiro";
				TargetAttributes = {
					FA887C6A20A24F350071220F = {
						CreatedOnToolsVersion = 9.3;
					};
				};
			};
			buildConfigurationList = FA887C6620A24F350071220F /* Build configuration list for PBXProject "Pirate Bay" */;
			compatibilityVersion = "Xcode 9.3";
			developmentRegion = en;
			hasScannedForEncodings = 0;
			knownRegions = (
				en,
				Base,
			);
			mainGroup = FA887C6220A24F350071220F;
			productRefGroup = FA887C6C20A24F350071220F /* Products */;
			projectDirPath = "";
			projectRoot = "";
			targets = (
				FA887C6A20A24F350071220F /* Pirate Bay */,
			);
		};
/* End PBXProject section */

/* Begin PBXResourcesBuildPhase section */
		FA887C6920A24F350071220F /* Resources */ = {
			isa = PBXResourcesBuildPhase;
			buildActionMask = 2147483647;
			files = (
				FA887CDC20A32F6B0071220F /* pirates5.jpg in Resources */,
				FA887CE920A32F6B0071220F /* piratetides5.jpg in Resources */,
				FA887CD820A32F6B0071220F /* piratefairy1.jpg in Resources */,
				FA887CEE20A32F6B0071220F /* sharkbiteship3.jpg in Resources */,
				FA1216A320A60523000AB173 /* blackstar.pdf in Resources */,
				FA887D0120A32F6B0071220F /* toydrive.png in Resources */,
				FA1216A420A60523000AB173 /* yellowstar.pdf in Resources */,
				FA887CFD20A32F6B0071220F /* littletikes2.jpg in Resources */,
				FA887CFB20A32F6B0071220F /* deluxeship1.jpg in Resources */,
				FA887C7920A24F360071220F /* LaunchScreen.storyboard in Resources */,
				FA887CF620A32F6B0071220F /* popupPirate5.jpg in Resources */,
				FA887CDE20A32F6B0071220F /* pirates2.jpg in Resources */,
				FA887D0220A32F6B0071220F /* buccaneerboat1.jpg in Resources */,
				FA887CEF20A32F6B0071220F /* sharkbiteship1.jpg in Resources */,
				FA887CEB20A32F6B0071220F /* sharkbiteship4.jpg in Resources */,
				FA27969120ACA2B3005CF59B /* ItemInCartTVCell.xib in Resources */,
				FA887C8F20A270890071220F /* piratebattle.pdf in Resources */,
				FA03319820A36E94009AEB73 /* home.pdf in Resources */,
				FA887C9320A3178E0071220F /* products.json in Resources */,
				FA27968920AA072F005CF59B /* shopping-cart.pdf in Resources */,
				FA887CE620A32F6B0071220F /* piratetides3.jpg in Resources */,
				FA887CFE20A32F6B0071220F /* littletikes3.jpg in Resources */,
				FA887C9120A270890071220F /* piratesofcaribbean.pdf in Resources */,
				FA887CFC20A32F6B0071220F /* littletikes1.jpg in Resources */,
				FA887CF020A32F6B0071220F /* jakeneverland1.jpg in Resources */,
				FA887CFA20A32F6B0071220F /* popupPirate2.jpg in Resources */,
				FA887CD920A32F6B0071220F /* piratefairy2.jpg in Resources */,
				FA887CF520A32F6B0071220F /* popupPirate6.jpg in Resources */,
				FA887CE520A32F6B0071220F /* piratetides1.jpg in Resources */,
				FA887CEA20A32F6B0071220F /* piratetides4.jpg in Resources */,
				FA887CE020A32F6B0071220F /* piratesilicon1.jpg in Resources */,
				FA887D0420A32F6B0071220F /* buccaneerboat3.jpg in Resources */,
				FA887CE820A32F6B0071220F /* piratetides6.jpg in Resources */,
				FA887CF320A32F6B0071220F /* jakeneverland4.jpg in Resources */,
				FA887C9020A270890071220F /* piratemap.pdf in Resources */,
				FA887CF120A32F6B0071220F /* jakeneverland2.jpg in Resources */,
				FA887CF720A32F6B0071220F /* popupPirate4.jpg in Resources */,
				FA887CDA20A32F6B0071220F /* pirates6.jpg in Resources */,
				FA887CE420A32F6B0071220F /* captainjake1.jpg in Resources */,
				FA03319720A36E94009AEB73 /* search.pdf in Resources */,
				FA887C7620A24F360071220F /* Assets.xcassets in Resources */,
				FA887C7420A24F350071220F /* Main.storyboard in Resources */,
				FA887CE720A32F6B0071220F /* piratetides2.jpg in Resources */,
				FA887D0020A32F6B0071220F /* littletikes5.jpg in Resources */,
				FA887CF920A32F6B0071220F /* popupPirate3.jpg in Resources */,
				FA887CED20A32F6B0071220F /* sharkbiteship2.jpg in Resources */,
				FA887D0320A32F6B0071220F /* buccaneerboat2.jpg in Resources */,
				FA887CFF20A32F6B0071220F /* littletikes4.jpg in Resources */,
				FA887D0520A32F6B0071220F /* buccaneerboat4.jpg in Resources */,
				FA887CE320A32F6B0071220F /* piratechest1.jpg in Resources */,
				FA887CF420A32F6B0071220F /* jakeneverland5.jpg in Resources */,
				FA887CDF20A32F6B0071220F /* pirates3.jpg in Resources */,
				FA887CF820A32F6B0071220F /* popupPirate1.jpg in Resources */,
				FA887CF220A32F6B0071220F /* jakeneverland3.jpg in Resources */,
				FA887CE220A32F6B0071220F /* scooby1.jpg in Resources */,
				FA887CDD20A32F6B0071220F /* pirates1.jpg in Resources */,
				FA887CE120A32F6B0071220F /* piratescurse1.jpg in Resources */,
				FA887CDB20A32F6B0071220F /* pirates4.jpg in Resources */,
				FA887CEC20A32F6B0071220F /* sharkbiteship5.jpg in Resources */,
			);
			runOnlyForDeploymentPostprocessing = 0;
		};
/* End PBXResourcesBuildPhase section */

/* Begin PBXSourcesBuildPhase section */
		FA887C6720A24F350071220F /* Sources */ = {
			isa = PBXSourcesBuildPhase;
			buildActionMask = 2147483647;
			files = (
				FA887C8820A26B4C0071220F /* PromoContentVC.swift in Sources */,
				FA03318F20A3638B009AEB73 /* ProductService.swift in Sources */,
				FA1216AC20A624B1000AB173 /* DetailSummaryView.swift in Sources */,
				FA1216AE20A64D94000AB173 /* UIImage+Extension.swift in Sources */,
				FA1216A820A61E59000AB173 /* MyButton.swift in Sources */,
				FA887D0B20A3306E0071220F /* String+Extension.swift in Sources */,
				FA887C8A20A26B690071220F /* HomeVC.swift in Sources */,
				FA887D0820A32F9B0071220F /* Utility.swift in Sources */,
				FA27968520A9CB71005CF59B /* QuantityTVC.swift in Sources */,
				FA03319320A36769009AEB73 /* ProductCVCell.swift in Sources */,
				FA887C9920A318FC0071220F /* PirateBay.xcdatamodeld in Sources */,
				FA03319C20A38508009AEB73 /* ProductsTVC.swift in Sources */,
				FA0331A020A386CD009AEB73 /* Double+Extension.swift in Sources */,
				FA27968C20AC9EB6005CF59B /* CartTVC.swift in Sources */,
				FA27968720AA0046005CF59B /* ShoppingCart.swift in Sources */,
				FA27969020ACA2B3005CF59B /* ItemInCartTVCell.swift in Sources */,
				FA887C6F20A24F350071220F /* AppDelegate.swift in Sources */,
				FA0331A220A38D27009AEB73 /* UIColor+Extension.swift in Sources */,
				FA27968320A9B777005CF59B /* ProductInfoTVCell.swift in Sources */,
				FA03319E20A38520009AEB73 /* ProductsTVCell.swift in Sources */,
				FA1216AA20A62472000AB173 /* ProductDetailVC.swift in Sources */,
				FA887C9520A317B20071220F /* CoreDataStack.swift in Sources */,
				FA1216A620A60585000AB173 /* UserRating.swift in Sources */,
			);
			runOnlyForDeploymentPostprocessing = 0;
		};
/* End PBXSourcesBuildPhase section */

/* Begin PBXVariantGroup section */
		FA887C7220A24F350071220F /* Main.storyboard */ = {
			isa = PBXVariantGroup;
			children = (
				FA887C7320A24F350071220F /* Base */,
			);
			name = Main.storyboard;
			sourceTree = "<group>";
		};
		FA887C7720A24F360071220F /* LaunchScreen.storyboard */ = {
			isa = PBXVariantGroup;
			children = (
				FA887C7820A24F360071220F /* Base */,
			);
			name = LaunchScreen.storyboard;
			sourceTree = "<group>";
		};
/* End PBXVariantGroup section */

/* Begin XCBuildConfiguration section */
		FA887C7B20A24F360071220F /* Debug */ = {
			isa = XCBuildConfiguration;
			buildSettings = {
				ALWAYS_SEARCH_USER_PATHS = NO;
				CLANG_ANALYZER_NONNULL = YES;
				CLANG_ANALYZER_NUMBER_OBJECT_CONVERSION = YES_AGGRESSIVE;
				CLANG_CXX_LANGUAGE_STANDARD = "gnu++14";
				CLANG_CXX_LIBRARY = "libc++";
				CLANG_ENABLE_MODULES = YES;
				CLANG_ENABLE_OBJC_ARC = YES;
				CLANG_ENABLE_OBJC_WEAK = YES;
				CLANG_WARN_BLOCK_CAPTURE_AUTORELEASING = YES;
				CLANG_WARN_BOOL_CONVERSION = YES;
				CLANG_WARN_COMMA = YES;
				CLANG_WARN_CONSTANT_CONVERSION = YES;
				CLANG_WARN_DEPRECATED_OBJC_IMPLEMENTATIONS = YES;
				CLANG_WARN_DIRECT_OBJC_ISA_USAGE = YES_ERROR;
				CLANG_WARN_DOCUMENTATION_COMMENTS = YES;
				CLANG_WARN_EMPTY_BODY = YES;
				CLANG_WARN_ENUM_CONVERSION = YES;
				CLANG_WARN_INFINITE_RECURSION = YES;
				CLANG_WARN_INT_CONVERSION = YES;
				CLANG_WARN_NON_LITERAL_NULL_CONVERSION = YES;
				CLANG_WARN_OBJC_IMPLICIT_RETAIN_SELF = YES;
				CLANG_WARN_OBJC_LITERAL_CONVERSION = YES;
				CLANG_WARN_OBJC_ROOT_CLASS = YES_ERROR;
				CLANG_WARN_RANGE_LOOP_ANALYSIS = YES;
				CLANG_WARN_STRICT_PROTOTYPES = YES;
				CLANG_WARN_SUSPICIOUS_MOVE = YES;
				CLANG_WARN_UNGUARDED_AVAILABILITY = YES_AGGRESSIVE;
				CLANG_WARN_UNREACHABLE_CODE = YES;
				CLANG_WARN__DUPLICATE_METHOD_MATCH = YES;
				CODE_SIGN_IDENTITY = "iPhone Developer";
				COPY_PHASE_STRIP = NO;
				DEBUG_INFORMATION_FORMAT = dwarf;
				ENABLE_STRICT_OBJC_MSGSEND = YES;
				ENABLE_TESTABILITY = YES;
				GCC_C_LANGUAGE_STANDARD = gnu11;
				GCC_DYNAMIC_NO_PIC = NO;
				GCC_NO_COMMON_BLOCKS = YES;
				GCC_OPTIMIZATION_LEVEL = 0;
				GCC_PREPROCESSOR_DEFINITIONS = (
					"DEBUG=1",
					"$(inherited)",
				);
				GCC_WARN_64_TO_32_BIT_CONVERSION = YES;
				GCC_WARN_ABOUT_RETURN_TYPE = YES_ERROR;
				GCC_WARN_UNDECLARED_SELECTOR = YES;
				GCC_WARN_UNINITIALIZED_AUTOS = YES_AGGRESSIVE;
				GCC_WARN_UNUSED_FUNCTION = YES;
				GCC_WARN_UNUSED_VARIABLE = YES;
				IPHONEOS_DEPLOYMENT_TARGET = 11.3;
				MTL_ENABLE_DEBUG_INFO = YES;
				ONLY_ACTIVE_ARCH = YES;
				SDKROOT = iphoneos;
				SWIFT_ACTIVE_COMPILATION_CONDITIONS = DEBUG;
				SWIFT_OPTIMIZATION_LEVEL = "-Onone";
			};
			name = Debug;
		};
		FA887C7C20A24F360071220F /* Release */ = {
			isa = XCBuildConfiguration;
			buildSettings = {
				ALWAYS_SEARCH_USER_PATHS = NO;
				CLANG_ANALYZER_NONNULL = YES;
				CLANG_ANALYZER_NUMBER_OBJECT_CONVERSION = YES_AGGRESSIVE;
				CLANG_CXX_LANGUAGE_STANDARD = "gnu++14";
				CLANG_CXX_LIBRARY = "libc++";
				CLANG_ENABLE_MODULES = YES;
				CLANG_ENABLE_OBJC_ARC = YES;
				CLANG_ENABLE_OBJC_WEAK = YES;
				CLANG_WARN_BLOCK_CAPTURE_AUTORELEASING = YES;
				CLANG_WARN_BOOL_CONVERSION = YES;
				CLANG_WARN_COMMA = YES;
				CLANG_WARN_CONSTANT_CONVERSION = YES;
				CLANG_WARN_DEPRECATED_OBJC_IMPLEMENTATIONS = YES;
				CLANG_WARN_DIRECT_OBJC_ISA_USAGE = YES_ERROR;
				CLANG_WARN_DOCUMENTATION_COMMENTS = YES;
				CLANG_WARN_EMPTY_BODY = YES;
				CLANG_WARN_ENUM_CONVERSION = YES;
				CLANG_WARN_INFINITE_RECURSION = YES;
				CLANG_WARN_INT_CONVERSION = YES;
				CLANG_WARN_NON_LITERAL_NULL_CONVERSION = YES;
				CLANG_WARN_OBJC_IMPLICIT_RETAIN_SELF = YES;
				CLANG_WARN_OBJC_LITERAL_CONVERSION = YES;
				CLANG_WARN_OBJC_ROOT_CLASS = YES_ERROR;
				CLANG_WARN_RANGE_LOOP_ANALYSIS = YES;
				CLANG_WARN_STRICT_PROTOTYPES = YES;
				CLANG_WARN_SUSPICIOUS_MOVE = YES;
				CLANG_WARN_UNGUARDED_AVAILABILITY = YES_AGGRESSIVE;
				CLANG_WARN_UNREACHABLE_CODE = YES;
				CLANG_WARN__DUPLICATE_METHOD_MATCH = YES;
				CODE_SIGN_IDENTITY = "iPhone Developer";
				COPY_PHASE_STRIP = NO;
				DEBUG_INFORMATION_FORMAT = "dwarf-with-dsym";
				ENABLE_NS_ASSERTIONS = NO;
				ENABLE_STRICT_OBJC_MSGSEND = YES;
				GCC_C_LANGUAGE_STANDARD = gnu11;
				GCC_NO_COMMON_BLOCKS = YES;
				GCC_WARN_64_TO_32_BIT_CONVERSION = YES;
				GCC_WARN_ABOUT_RETURN_TYPE = YES_ERROR;
				GCC_WARN_UNDECLARED_SELECTOR = YES;
				GCC_WARN_UNINITIALIZED_AUTOS = YES_AGGRESSIVE;
				GCC_WARN_UNUSED_FUNCTION = YES;
				GCC_WARN_UNUSED_VARIABLE = YES;
				IPHONEOS_DEPLOYMENT_TARGET = 11.3;
				MTL_ENABLE_DEBUG_INFO = NO;
				SDKROOT = iphoneos;
				SWIFT_COMPILATION_MODE = wholemodule;
				SWIFT_OPTIMIZATION_LEVEL = "-O";
				VALIDATE_PRODUCT = YES;
			};
			name = Release;
		};
		FA887C7E20A24F360071220F /* Debug */ = {
			isa = XCBuildConfiguration;
			buildSettings = {
				ASSETCATALOG_COMPILER_APPICON_NAME = AppIcon;
				CODE_SIGN_STYLE = Automatic;
				DEVELOPMENT_TEAM = A3QR56LUBZ;
				INFOPLIST_FILE = "Pirate Bay/Info.plist";
				LD_RUNPATH_SEARCH_PATHS = (
					"$(inherited)",
					"@executable_path/Frameworks",
				);
				PRODUCT_BUNDLE_IDENTIFIER = "com.br.kesleyribeiro.Pirate-Bay";
				PRODUCT_NAME = "$(TARGET_NAME)";
				SWIFT_VERSION = 4.0;
				TARGETED_DEVICE_FAMILY = "1,2";
			};
			name = Debug;
		};
		FA887C7F20A24F360071220F /* Release */ = {
			isa = XCBuildConfiguration;
			buildSettings = {
				ASSETCATALOG_COMPILER_APPICON_NAME = AppIcon;
				CODE_SIGN_STYLE = Automatic;
				DEVELOPMENT_TEAM = A3QR56LUBZ;
				INFOPLIST_FILE = "Pirate Bay/Info.plist";
				LD_RUNPATH_SEARCH_PATHS = (
					"$(inherited)",
					"@executable_path/Frameworks",
				);
				PRODUCT_BUNDLE_IDENTIFIER = "com.br.kesleyribeiro.Pirate-Bay";
				PRODUCT_NAME = "$(TARGET_NAME)";
				SWIFT_VERSION = 4.0;
				TARGETED_DEVICE_FAMILY = "1,2";
			};
			name = Release;
		};
/* End XCBuildConfiguration section */

/* Begin XCConfigurationList section */
		FA887C6620A24F350071220F /* Build configuration list for PBXProject "Pirate Bay" */ = {
			isa = XCConfigurationList;
			buildConfigurations = (
				FA887C7B20A24F360071220F /* Debug */,
				FA887C7C20A24F360071220F /* Release */,
			);
			defaultConfigurationIsVisible = 0;
			defaultConfigurationName = Release;
		};
		FA887C7D20A24F360071220F /* Build configuration list for PBXNativeTarget "Pirate Bay" */ = {
			isa = XCConfigurationList;
			buildConfigurations = (
				FA887C7E20A24F360071220F /* Debug */,
				FA887C7F20A24F360071220F /* Release */,
			);
			defaultConfigurationIsVisible = 0;
			defaultConfigurationName = Release;
		};
/* End XCConfigurationList section */

/* Begin XCVersionGroup section */
		FA887C9720A318FC0071220F /* PirateBay.xcdatamodeld */ = {
			isa = XCVersionGroup;
			children = (
				FA887C9820A318FC0071220F /* PirateBay.xcdatamodel */,
			);
			currentVersion = FA887C9820A318FC0071220F /* PirateBay.xcdatamodel */;
			path = PirateBay.xcdatamodeld;
			sourceTree = "<group>";
			versionGroupType = wrapper.xcdatamodel;
		};
/* End XCVersionGroup section */
	};
	rootObject = FA887C6320A24F350071220F /* Project object */;
}
